{
	"lockfileVersion": 1,
	"dependencies": {
		"nativescript-theme-core": {
			"version": "1.0.4",
			"resolved": "https://registry.npmjs.org/nativescript-theme-core/-/nativescript-theme-core-1.0.4.tgz",
			"integrity": "sha1-zyiAx/vy/l9D4iNdMJdQeQgD7+E="
		},
		"tns-core-modules": {
			"version": "3.1.0",
			"resolved": "https://registry.npmjs.org/tns-core-modules/-/tns-core-modules-3.1.0.tgz",
			"integrity": "sha1-iSXsrhZWsytOMmVJjLI8EHjC9mc="
		},
		"tns-core-modules-widgets": {
			"version": "3.1.0",
			"resolved": "https://registry.npmjs.org/tns-core-modules-widgets/-/tns-core-modules-widgets-3.1.0.tgz",
			"integrity": "sha1-3pGlagyM+zhxxo1lGueAPyM/URk="
		}
	}
}
