{
  "requires": true,
  "lockfileVersion": 1,
  "dependencies": {
    "@angular/common": {
      "version": "4.1.2",
      "resolved": "https://registry.npmjs.org/@angular/common/-/common-4.1.2.tgz",
      "integrity": "sha1-j20ElsIEIQv+JV/rQ3pyJT8GmE0="
    },
    "@angular/compiler": {
      "version": "4.1.2",
      "resolved": "https://registry.npmjs.org/@angular/compiler/-/compiler-4.1.2.tgz",
      "integrity": "sha1-CVQjgRYv2N2WLYRVlJjOaaBQceo="
    },
    "@angular/core": {
      "version": "11.0.5",
      "resolved": "https://registry.npmjs.org/@angular/core/-/core-11.0.5.tgz",
      "integrity": "sha512-XAXWQi7R3ucZXQwx9QK5jSKJeQyRJ53u2dQDpr7R5stzeCy1a5hrNOkZLg9zOTTPcth/6+FrOrRZP9SMdxtw3w==",
      "requires": {
        "tslib": "^2.0.0"
      },
      "dependencies": {
        "tslib": {
          "version": "2.4.0",
          "resolved": "https://registry.npmjs.org/tslib/-/tslib-2.4.0.tgz",
          "integrity": "sha512-d6xOpEDfsi2CZVlPQzGeux8XMwLT9hssAsaPYExaQMuYskwb+x1x7J371tWlbBdWHroy99KnVB6qIkUbs5X3UQ=="
        }
      }
    },
    "@angular/forms": {
      "version": "4.1.2",
      "resolved": "https://registry.npmjs.org/@angular/forms/-/forms-4.1.2.tgz",
      "integrity": "sha1-gpg+nsXQgz564UvrjkfdNXyI9JA="
    },
    "@angular/http": {
      "version": "4.1.2",
      "resolved": "https://registry.npmjs.org/@angular/http/-/http-4.1.2.tgz",
      "integrity": "sha1-/DeMMzDAQQ4fuKrCVGMppoh3duQ="
    },
    "@angular/platform-browser": {
      "version": "4.1.2",
      "resolved": "https://registry.npmjs.org/@angular/platform-browser/-/platform-browser-4.1.2.tgz",
      "integrity": "sha1-FuUKj3W01nXJ4pA+SZ4P5MahJaw="
    },
    "@angular/platform-browser-dynamic": {
      "version": "4.1.2",
      "resolved": "https://registry.npmjs.org/@angular/platform-browser-dynamic/-/platform-browser-dynamic-4.1.2.tgz",
      "integrity": "sha1-0kHGF5LHlL7GJ6tksxpmvqIqu58="
    },
    "@angular/router": {
      "version": "4.1.2",
      "resolved": "https://registry.npmjs.org/@angular/router/-/router-4.1.2.tgz",
      "integrity": "sha1-MbGxJv7C4cMvRVfvjrYFU2rcyyc="
    },
    "babel-traverse": {
      "version": "6.24.1",
      "resolved": "https://registry.npmjs.org/babel-traverse/-/babel-traverse-6.24.1.tgz",
      "integrity": "sha1-qzZnP9NW+aCUhlnnszjV/q2zFpU=",
      "dev": true
    },
    "babel-types": {
      "version": "6.24.1",
      "resolved": "https://registry.npmjs.org/babel-types/-/babel-types-6.24.1.tgz",
      "integrity": "sha1-oTaHncFbNga9oNkMH8dDBML/CXU=",
      "dev": true
    },
    "babylon": {
      "version": "6.17.1",
      "resolved": "https://registry.npmjs.org/babylon/-/babylon-6.17.1.tgz",
      "integrity": "sha1-F/FP3fNhtpWYH+Z5OF5PHAHr2G8=",
      "dev": true
    },
    "lazy": {
      "version": "1.0.11",
      "resolved": "https://registry.npmjs.org/lazy/-/lazy-1.0.11.tgz",
      "integrity": "sha1-2qBoIGKCVCwIgojpdcKXwa53tpA=",
      "dev": true
    },
    "nativescript-angular": {
      "version": "3.0.0",
      "resolved": "https://registry.npmjs.org/nativescript-angular/-/nativescript-angular-3.0.0.tgz",
      "integrity": "sha1-QBxerolcIqRAEMFvRDkQ0qpa9u4="
    },
    "nativescript-dev-android-snapshot": {
      "version": "0.0.10",
      "resolved": "https://registry.npmjs.org/nativescript-dev-android-snapshot/-/nativescript-dev-android-snapshot-0.0.10.tgz",
      "integrity": "sha1-RNczATPhN9fDxwjvWiEg/92O9QU=",
      "dev": true
    },
    "nativescript-dev-typescript": {
      "version": "0.4.5",
      "resolved": "https://registry.npmjs.org/nativescript-dev-typescript/-/nativescript-dev-typescript-0.4.5.tgz",
      "integrity": "sha1-u2BeGEDYOB62pS3dNY9LcEZ33Lw=",
      "dev": true
    },
    "nativescript-ngx-fonticon": {
      "version": "2.2.0",
      "resolved": "https://registry.npmjs.org/nativescript-ngx-fonticon/-/nativescript-ngx-fonticon-2.2.0.tgz",
      "integrity": "sha1-F6I01vwNV68w9UOlmRpLMxOZBMo="
    },
    "nativescript-theme-core": {
      "version": "1.0.4",
      "resolved": "https://registry.npmjs.org/nativescript-theme-core/-/nativescript-theme-core-1.0.4.tgz",
      "integrity": "sha1-zyiAx/vy/l9D4iNdMJdQeQgD7+E="
    },
    "reflect-metadata": {
      "version": "0.1.10",
      "resolved": "https://registry.npmjs.org/reflect-metadata/-/reflect-metadata-0.1.10.tgz",
      "integrity": "sha1-tPg3BEFqytiZiMmxVjXUfgO5NEo="
    },
    "rxjs": {
      "version": "5.4.0",
      "resolved": "https://registry.npmjs.org/rxjs/-/rxjs-5.4.0.tgz",
      "integrity": "sha1-p9sUqxV/nXqsalbmVeejhg05vyY="
    },
    "tns-core-modules": {
      "version": "3.0.1",
      "resolved": "https://registry.npmjs.org/tns-core-modules/-/tns-core-modules-3.0.1.tgz",
      "integrity": "sha1-CM17csmOb1Y/u6U2ZopQwE3Rpf0="
    },
    "typescript": {
      "version": "2.3.2",
      "resolved": "https://registry.npmjs.org/typescript/-/typescript-2.3.2.tgz",
      "integrity": "sha1-8PBF4Zb2mnLwayX9O9OdAcPOmYQ=",
      "dev": true
    },
    "zone.js": {
      "version": "0.8.12",
      "resolved": "https://registry.npmjs.org/zone.js/-/zone.js-0.8.12.tgz",
      "integrity": "sha1-hv9QU8mK7CkaC/S7rFAdaUoFz7s=",
      "dev": true
    }
  }
}
